
Microsoft Visual Studio Solution File, Format Version 12.00
# Visual Studio Version 16
VisualStudioVersion = 16.0.29609.76
MinimumVisualStudioVersion = 10.0.40219.1
Project("{8BC9CEB8-8B4A-11D0-8D11-00A0C91BC942}") = "RCCpp_DX11_Example", "RCCpp_DX11_Example.vcxproj", "{9F316E83-5AE5-4939-A723-305A94F48005}"
EndProject
Project("{8BC9CEB8-8B4A-11D0-8D11-00A0C91BC942}") = "RuntimeObjectSystem", "RuntimeObjectSystem.vcxproj", "{FA4E24F1-885C-406B-89A8-436F28D090B2}"
EndProject
Project("{8BC9CEB8-8B4A-11D0-8D11-00A0C91BC942}") = "RuntimeCompiler", "RuntimeCompiler.vcxproj", "{790D95ED-C6E6-24E5-345B-37FB1E098082}"
EndProject
Global
	GlobalSection(SolutionConfigurationPlatforms) = preSolution
		Debug|x64 = Debug|x64
		Debug|x86 = Debug|x86
		Release|x64 = Release|x64
		Release|x86 = Release|x86
	EndGlobalSection
	GlobalSection(ProjectConfigurationPlatforms) = postSolution
		{9F316E83-5AE5-4939-A723-305A94F48005}.Debug|x64.ActiveCfg = Debug|x64
		{9F316E83-5AE5-4939-A723-305A94F48005}.Debug|x64.Build.0 = Debug|x64
		{9F316E83-5AE5-4939-A723-305A94F48005}.Debug|x86.ActiveCfg = Debug|Win32
		{9F316E83-5AE5-4939-A723-305A94F48005}.Debug|x86.Build.0 = Debug|Win32
		{9F316E83-5AE5-4939-A723-305A94F48005}.Release|x64.ActiveCfg = Release|x64
		{9F316E83-5AE5-4939-A723-305A94F48005}.Release|x64.Build.0 = Release|x64
		{9F316E83-5AE5-4939-A723-305A94F48005}.Release|x86.ActiveCfg = Release|Win32
		{9F316E83-5AE5-4939-A723-305A94F48005}.Release|x86.Build.0 = Release|Win32
		{FA4E24F1-885C-406B-89A8-436F28D090B2}.Debug|x64.ActiveCfg = Debug|x64
		{FA4E24F1-885C-406B-89A8-436F28D090B2}.Debug|x64.Build.0 = Debug|x64
		{FA4E24F1-885C-406B-89A8-436F28D090B2}.Debug|x86.ActiveCfg = Debug|Win32
		{FA4E24F1-885C-406B-89A8-436F28D090B2}.Debug|x86.Build.0 = Debug|Win32
		{FA4E24F1-885C-406B-89A8-436F28D090B2}.Release|x64.ActiveCfg = Release|x64
		{FA4E24F1-885C-406B-89A8-436F28D090B2}.Release|x64.Build.0 = Release|x64
		{FA4E24F1-885C-406B-89A8-436F28D090B2}.Release|x86.ActiveCfg = Release|Win32
		{FA4E24F1-885C-406B-89A8-436F28D090B2}.Release|x86.Build.0 = Release|Win32
		{790D95ED-C6E6-24E5-345B-37FB1E098082}.Debug|x64.ActiveCfg = Debug|x64
		{790D95ED-C6E6-24E5-345B-37FB1E098082}.Debug|x64.Build.0 = Debug|x64
		{790D95ED-C6E6-24E5-345B-37FB1E098082}.Debug|x86.ActiveCfg = Debug|Win32
		{790D95ED-C6E6-24E5-345B-37FB1E098082}.Debug|x86.Build.0 = Debug|Win32
		{790D95ED-C6E6-24E5-345B-37FB1E098082}.Release|x64.ActiveCfg = Release|x64
		{790D95ED-C6E6-24E5-345B-37FB1E098082}.Release|x64.Build.0 = Release|x64
		{790D95ED-C6E6-24E5-345B-37FB1E098082}.Release|x86.ActiveCfg = Release|Win32
		{790D95ED-C6E6-24E5-345B-37FB1E098082}.Release|x86.Build.0 = Release|Win32
	EndGlobalSection
	GlobalSection(SolutionProperties) = preSolution
		HideSolutionNode = FALSE
	EndGlobalSection
	GlobalSection(ExtensibilityGlobals) = postSolution
		SolutionGuid = {C4BAD4D8-2B9A-4347-A66C-8D198812D802}
	EndGlobalSection
EndGlobal
